// !$*UTF8*$!
{
	archiveVersion = 1;
	classes = {
	};
	objectVersion = 50;
	objects = {

/* Begin PBXBuildFile section */
		AA6ED6772489F0E6009E0C1B /* CSSDK.framework in Frameworks */ = {isa = PBXBuildFile; fileRef = AA6ED6602489F0E6009E0C1B /* CSSDK.framework */; };
		AA6ED6782489F0E6009E0C1B /* version.md in Resources */ = {isa = PBXBuildFile; fileRef = AA6ED6612489F0E6009E0C1B /* version.md */; };
		AA6ED6792489F0E6009E0C1B /* TwitterShareExtensionUIResources.bundle in Resources */ = {isa = PBXBuildFile; fileRef = AA6ED6642489F0E6009E0C1B /* TwitterShareExtensionUIResources.bundle */; };
		AA6ED67A2489F0E6009E0C1B /* TwitterKitResources.bundle in Resources */ = {isa = PBXBuildFile; fileRef = AA6ED6652489F0E6009E0C1B /* TwitterKitResources.bundle */; };
		AA6ED67B2489F0E6009E0C1B /* TwitterKit.framework in Frameworks */ = {isa = PBXBuildFile; fileRef = AA6ED6662489F0E6009E0C1B /* TwitterKit.framework */; };
		AA6ED67C2489F0E6009E0C1B /* TwitterCore.framework in Frameworks */ = {isa = PBXBuildFile; fileRef = AA6ED6672489F0E6009E0C1B /* TwitterCore.framework */; };
		AA6ED67D2489F0E6009E0C1B /* GoogleSignIn.bundle in Resources */ = {isa = PBXBuildFile; fileRef = AA6ED6692489F0E6009E0C1B /* GoogleSignIn.bundle */; };
		AA6ED67E2489F0E6009E0C1B /* GoogleSignInDependencies.framework in Frameworks */ = {isa = PBXBuildFile; fileRef = AA6ED66A2489F0E6009E0C1B /* GoogleSignInDependencies.framework */; };
		AA6ED67F2489F0E6009E0C1B /* GoogleSignIn.framework in Frameworks */ = {isa = PBXBuildFile; fileRef = AA6ED66B2489F0E6009E0C1B /* GoogleSignIn.framework */; };
		AA6ED6802489F0E6009E0C1B /* FBSDKLoginKit.framework in Frameworks */ = {isa = PBXBuildFile; fileRef = AA6ED66D2489F0E6009E0C1B /* FBSDKLoginKit.framework */; };
		AA6ED6812489F0E6009E0C1B /* FBSDKCoreKit.framework in Frameworks */ = {isa = PBXBuildFile; fileRef = AA6ED66E2489F0E6009E0C1B /* FBSDKCoreKit.framework */; };
		AA6ED6832489F0E6009E0C1B /* TraceAnalysisSDK.framework in Frameworks */ = {isa = PBXBuildFile; fileRef = AA6ED6722489F0E6009E0C1B /* TraceAnalysisSDK.framework */; };
		AA6ED6842489F0E6009E0C1B /* AASAccountSDK.bundle in Resources */ = {isa = PBXBuildFile; fileRef = AA6ED6742489F0E6009E0C1B /* AASAccountSDK.bundle */; };
		AA6ED6852489F0E6009E0C1B /* AASAccount.framework in Frameworks */ = {isa = PBXBuildFile; fileRef = AA6ED6752489F0E6009E0C1B /* AASAccount.framework */; };
		BDCE2DB123A0EEE400C80986 /* AppDelegate.m in Sources */ = {isa = PBXBuildFile; fileRef = BDCE2DB023A0EEE400C80986 /* AppDelegate.m */; };
		BDCE2DB423A0EEE400C80986 /* ViewController.m in Sources */ = {isa = PBXBuildFile; fileRef = BDCE2DB323A0EEE400C80986 /* ViewController.m */; };
		BDCE2DB723A0EEE400C80986 /* Main.storyboard in Resources */ = {isa = PBXBuildFile; fileRef = BDCE2DB523A0EEE400C80986 /* Main.storyboard */; };
		BDCE2DB923A0EEE500C80986 /* Assets.xcassets in Resources */ = {isa = PBXBuildFile; fileRef = BDCE2DB823A0EEE500C80986 /* Assets.xcassets */; };
		BDCE2DBC23A0EEE500C80986 /* LaunchScreen.storyboard in Resources */ = {isa = PBXBuildFile; fileRef = BDCE2DBA23A0EEE500C80986 /* LaunchScreen.storyboard */; };
		BDCE2DBF23A0EEE500C80986 /* main.m in Sources */ = {isa = PBXBuildFile; fileRef = BDCE2DBE23A0EEE500C80986 /* main.m */; };
/* End PBXBuildFile section */

/* Begin PBXFileReference section */
		AA6ED6602489F0E6009E0C1B /* CSSDK.framework */ = {isa = PBXFileReference; lastKnownFileType = wrapper.framework; path = CSSDK.framework; sourceTree = "<group>"; };
		AA6ED6612489F0E6009E0C1B /* version.md */ = {isa = PBXFileReference; fileEncoding = 4; lastKnownFileType = net.daringfireball.markdown; path = version.md; sourceTree = "<group>"; };
		AA6ED6642489F0E6009E0C1B /* TwitterShareExtensionUIResources.bundle */ = {isa = PBXFileReference; lastKnownFileType = "wrapper.plug-in"; path = TwitterShareExtensionUIResources.bundle; sourceTree = "<group>"; };
		AA6ED6652489F0E6009E0C1B /* TwitterKitResources.bundle */ = {isa = PBXFileReference; lastKnownFileType = "wrapper.plug-in"; path = TwitterKitResources.bundle; sourceTree = "<group>"; };
		AA6ED6662489F0E6009E0C1B /* TwitterKit.framework */ = {isa = PBXFileReference; lastKnownFileType = wrapper.framework; path = TwitterKit.framework; sourceTree = "<group>"; };
		AA6ED6672489F0E6009E0C1B /* TwitterCore.framework */ = {isa = PBXFileReference; lastKnownFileType = wrapper.framework; path = TwitterCore.framework; sourceTree = "<group>"; };
		AA6ED6692489F0E6009E0C1B /* GoogleSignIn.bundle */ = {isa = PBXFileReference; lastKnownFileType = "wrapper.plug-in"; path = GoogleSignIn.bundle; sourceTree = "<group>"; };
		AA6ED66A2489F0E6009E0C1B /* GoogleSignInDependencies.framework */ = {isa = PBXFileReference; lastKnownFileType = wrapper.framework; path = GoogleSignInDependencies.framework; sourceTree = "<group>"; };
		AA6ED66B2489F0E6009E0C1B /* GoogleSignIn.framework */ = {isa = PBXFileReference; lastKnownFileType = wrapper.framework; path = GoogleSignIn.framework; sourceTree = "<group>"; };
		AA6ED66D2489F0E6009E0C1B /* FBSDKLoginKit.framework */ = {isa = PBXFileReference; lastKnownFileType = wrapper.framework; path = FBSDKLoginKit.framework; sourceTree = "<group>"; };
		AA6ED66E2489F0E6009E0C1B /* FBSDKCoreKit.framework */ = {isa = PBXFileReference; lastKnownFileType = wrapper.framework; path = FBSDKCoreKit.framework; sourceTree = "<group>"; };
		AA6ED6722489F0E6009E0C1B /* TraceAnalysisSDK.framework */ = {isa = PBXFileReference; lastKnownFileType = wrapper.framework; path = TraceAnalysisSDK.framework; sourceTree = "<group>"; };
		AA6ED6742489F0E6009E0C1B /* AASAccountSDK.bundle */ = {isa = PBXFileReference; lastKnownFileType = "wrapper.plug-in"; path = AASAccountSDK.bundle; sourceTree = "<group>"; };
		AA6ED6752489F0E6009E0C1B /* AASAccount.framework */ = {isa = PBXFileReference; lastKnownFileType = wrapper.framework; path = AASAccount.framework; sourceTree = "<group>"; };
		BD19A8AB23A2284000624D1D /* zh-Hans */ = {isa = PBXFileReference; lastKnownFileType = text.plist.strings; name = "zh-Hans"; path = "zh-Hans.lproj/Main.strings"; sourceTree = "<group>"; };
		BD19A8AC23A2284000624D1D /* zh-Hans */ = {isa = PBXFileReference; lastKnownFileType = text.plist.strings; name = "zh-Hans"; path = "zh-Hans.lproj/LaunchScreen.strings"; sourceTree = "<group>"; };
		BD19A8AD23A2284800624D1D /* zh-Hant */ = {isa = PBXFileReference; lastKnownFileType = text.plist.strings; name = "zh-Hant"; path = "zh-Hant.lproj/Main.strings"; sourceTree = "<group>"; };
		BD19A8AE23A2284800624D1D /* zh-Hant */ = {isa = PBXFileReference; lastKnownFileType = text.plist.strings; name = "zh-Hant"; path = "zh-Hant.lproj/LaunchScreen.strings"; sourceTree = "<group>"; };
		BD19A8AF23A2284E00624D1D /* zh-HK */ = {isa = PBXFileReference; lastKnownFileType = text.plist.strings; name = "zh-HK"; path = "zh-HK.lproj/Main.strings"; sourceTree = "<group>"; };
		BD19A8B023A2284E00624D1D /* zh-HK */ = {isa = PBXFileReference; lastKnownFileType = text.plist.strings; name = "zh-HK"; path = "zh-HK.lproj/LaunchScreen.strings"; sourceTree = "<group>"; };
		BDCE2DAC23A0EEE400C80986 /* CServiceSDKDemo.app */ = {isa = PBXFileReference; explicitFileType = wrapper.application; includeInIndex = 0; path = CServiceSDKDemo.app; sourceTree = BUILT_PRODUCTS_DIR; };
		BDCE2DAF23A0EEE400C80986 /* AppDelegate.h */ = {isa = PBXFileReference; lastKnownFileType = sourcecode.c.h; path = AppDelegate.h; sourceTree = "<group>"; };
		BDCE2DB023A0EEE400C80986 /* AppDelegate.m */ = {isa = PBXFileReference; lastKnownFileType = sourcecode.c.objc; path = AppDelegate.m; sourceTree = "<group>"; };
		BDCE2DB223A0EEE400C80986 /* ViewController.h */ = {isa = PBXFileReference; lastKnownFileType = sourcecode.c.h; path = ViewController.h; sourceTree = "<group>"; };
		BDCE2DB323A0EEE400C80986 /* ViewController.m */ = {isa = PBXFileReference; lastKnownFileType = sourcecode.c.objc; path = ViewController.m; sourceTree = "<group>"; };
		BDCE2DB623A0EEE400C80986 /* Base */ = {isa = PBXFileReference; lastKnownFileType = file.storyboard; name = Base; path = Base.lproj/Main.storyboard; sourceTree = "<group>"; };
		BDCE2DB823A0EEE500C80986 /* Assets.xcassets */ = {isa = PBXFileReference; lastKnownFileType = folder.assetcatalog; path = Assets.xcassets; sourceTree = "<group>"; };
		BDCE2DBB23A0EEE500C80986 /* Base */ = {isa = PBXFileReference; lastKnownFileType = file.storyboard; name = Base; path = Base.lproj/LaunchScreen.storyboard; sourceTree = "<group>"; };
		BDCE2DBD23A0EEE500C80986 /* Info.plist */ = {isa = PBXFileReference; lastKnownFileType = text.plist.xml; path = Info.plist; sourceTree = "<group>"; };
		BDCE2DBE23A0EEE500C80986 /* main.m */ = {isa = PBXFileReference; lastKnownFileType = sourcecode.c.objc; path = main.m; sourceTree = "<group>"; };
/* End PBXFileReference section */

/* Begin PBXFrameworksBuildPhase section */
		BDCE2DA923A0EEE400C80986 /* Frameworks */ = {
			isa = PBXFrameworksBuildPhase;
			buildActionMask = 2147483647;
			files = (
				AA6ED6772489F0E6009E0C1B /* CSSDK.framework in Frameworks */,
				AA6ED67C2489F0E6009E0C1B /* TwitterCore.framework in Frameworks */,
				AA6ED6852489F0E6009E0C1B /* AASAccount.framework in Frameworks */,
				AA6ED6802489F0E6009E0C1B /* FBSDKLoginKit.framework in Frameworks */,
				AA6ED6832489F0E6009E0C1B /* TraceAnalysisSDK.framework in Frameworks */,
				AA6ED67E2489F0E6009E0C1B /* GoogleSignInDependencies.framework in Frameworks */,
				AA6ED6812489F0E6009E0C1B /* FBSDKCoreKit.framework in Frameworks */,
				AA6ED67B2489F0E6009E0C1B /* TwitterKit.framework in Frameworks */,
				AA6ED67F2489F0E6009E0C1B /* GoogleSignIn.framework in Frameworks */,
			);
			runOnlyForDeploymentPostprocessing = 0;
		};
/* End PBXFrameworksBuildPhase section */

/* Begin PBXGroup section */
		AA6ED65F2489F0E6009E0C1B /* CSSDK_xcode_1002_1 */ = {
			isa = PBXGroup;
			children = (
				AA6ED6602489F0E6009E0C1B /* CSSDK.framework */,
				AA6ED6612489F0E6009E0C1B /* version.md */,
			);
			path = CSSDK_xcode_1002_1;
			sourceTree = "<group>";
		};
		AA6ED6622489F0E6009E0C1B /* 3thFramework */ = {
			isa = PBXGroup;
			children = (
				AA6ED6632489F0E6009E0C1B /* Twitter-3.4.2 */,
				AA6ED6682489F0E6009E0C1B /* GoogleSDK-5.0.2 */,
				AA6ED66C2489F0E6009E0C1B /* Facebook-5.6.0 */,
			);
			path = 3thFramework;
			sourceTree = "<group>";
		};
		AA6ED6632489F0E6009E0C1B /* Twitter-3.4.2 */ = {
			isa = PBXGroup;
			children = (
				AA6ED6642489F0E6009E0C1B /* TwitterShareExtensionUIResources.bundle */,
				AA6ED6652489F0E6009E0C1B /* TwitterKitResources.bundle */,
				AA6ED6662489F0E6009E0C1B /* TwitterKit.framework */,
				AA6ED6672489F0E6009E0C1B /* TwitterCore.framework */,
			);
			path = "Twitter-3.4.2";
			sourceTree = "<group>";
		};
		AA6ED6682489F0E6009E0C1B /* GoogleSDK-5.0.2 */ = {
			isa = PBXGroup;
			children = (
				AA6ED6692489F0E6009E0C1B /* GoogleSignIn.bundle */,
				AA6ED66A2489F0E6009E0C1B /* GoogleSignInDependencies.framework */,
				AA6ED66B2489F0E6009E0C1B /* GoogleSignIn.framework */,
			);
			path = "GoogleSDK-5.0.2";
			sourceTree = "<group>";
		};
		AA6ED66C2489F0E6009E0C1B /* Facebook-5.6.0 */ = {
			isa = PBXGroup;
			children = (
				AA6ED66D2489F0E6009E0C1B /* FBSDKLoginKit.framework */,
				AA6ED66E2489F0E6009E0C1B /* FBSDKCoreKit.framework */,
			);
			path = "Facebook-5.6.0";
			sourceTree = "<group>";
		};
		AA6ED66F2489F0E6009E0C1B /* AvidlyFramework */ = {
			isa = PBXGroup;
			children = (
				AA6ED6702489F0E6009E0C1B /* TraceAnalysisSDK_4002_1 */,
				AA6ED6732489F0E6009E0C1B /* AASAccount_1009_2 */,
			);
			path = AvidlyFramework;
			sourceTree = "<group>";
		};
		AA6ED6702489F0E6009E0C1B /* TraceAnalysisSDK_4002_1 */ = {
			isa = PBXGroup;
			children = (
				AA6ED6722489F0E6009E0C1B /* TraceAnalysisSDK.framework */,
			);
			path = TraceAnalysisSDK_4002_1;
			sourceTree = "<group>";
		};
		AA6ED6732489F0E6009E0C1B /* AASAccount_1009_2 */ = {
			isa = PBXGroup;
			children = (
				AA6ED6742489F0E6009E0C1B /* AASAccountSDK.bundle */,
				AA6ED6752489F0E6009E0C1B /* AASAccount.framework */,
			);
			path = AASAccount_1009_2;
			sourceTree = "<group>";
		};
		BDCE2DA323A0EEE400C80986 = {
			isa = PBXGroup;
			children = (
				AA6ED6622489F0E6009E0C1B /* 3thFramework */,
				AA6ED66F2489F0E6009E0C1B /* AvidlyFramework */,
				AA6ED65F2489F0E6009E0C1B /* CSSDK_xcode_1002_1 */,
				BDCE2DAE23A0EEE400C80986 /* CServiceSDKDemo */,
				BDCE2DAD23A0EEE400C80986 /* Products */,
			);
			sourceTree = "<group>";
		};
		BDCE2DAD23A0EEE400C80986 /* Products */ = {
			isa = PBXGroup;
			children = (
				BDCE2DAC23A0EEE400C80986 /* CServiceSDKDemo.app */,
			);
			name = Products;
			sourceTree = "<group>";
		};
		BDCE2DAE23A0EEE400C80986 /* CServiceSDKDemo */ = {
			isa = PBXGroup;
			children = (
				BDCE2DAF23A0EEE400C80986 /* AppDelegate.h */,
				BDCE2DB023A0EEE400C80986 /* AppDelegate.m */,
				BDCE2DB223A0EEE400C80986 /* ViewController.h */,
				BDCE2DB323A0EEE400C80986 /* ViewController.m */,
				BDCE2DB523A0EEE400C80986 /* Main.storyboard */,
				BDCE2DB823A0EEE500C80986 /* Assets.xcassets */,
				BDCE2DBA23A0EEE500C80986 /* LaunchScreen.storyboard */,
				BDCE2DBD23A0EEE500C80986 /* Info.plist */,
				BDCE2DBE23A0EEE500C80986 /* main.m */,
			);
			path = CServiceSDKDemo;
			sourceTree = "<group>";
		};
/* End PBXGroup section */

/* Begin PBXNativeTarget section */
		BDCE2DAB23A0EEE400C80986 /* CServiceSDKDemo */ = {
			isa = PBXNativeTarget;
			buildConfigurationList = BDCE2DC223A0EEE500C80986 /* Build configuration list for PBXNativeTarget "CServiceSDKDemo" */;
			buildPhases = (
				BDCE2DA823A0EEE400C80986 /* Sources */,
				BDCE2DA923A0EEE400C80986 /* Frameworks */,
				BDCE2DAA23A0EEE400C80986 /* Resources */,
			);
			buildRules = (
			);
			dependencies = (
			);
			name = CServiceSDKDemo;
			productName = CServiceSDKDemo;
			productReference = BDCE2DAC23A0EEE400C80986 /* CServiceSDKDemo.app */;
			productType = "com.apple.product-type.application";
		};
/* End PBXNativeTarget section */

/* Begin PBXProject section */
		BDCE2DA423A0EEE400C80986 /* Project object */ = {
			isa = PBXProject;
			attributes = {
				LastUpgradeCheck = 1030;
				ORGANIZATIONNAME = "何健";
				TargetAttributes = {
					BDCE2DAB23A0EEE400C80986 = {
						CreatedOnToolsVersion = 10.3;
					};
				};
			};
			buildConfigurationList = BDCE2DA723A0EEE400C80986 /* Build configuration list for PBXProject "CServiceSDKDemo" */;
			compatibilityVersion = "Xcode 9.3";
			developmentRegion = en;
			hasScannedForEncodings = 0;
			knownRegions = (
				en,
				Base,
				"zh-Hans",
				"zh-Hant",
				"zh-HK",
			);
			mainGroup = BDCE2DA323A0EEE400C80986;
			productRefGroup = BDCE2DAD23A0EEE400C80986 /* Products */;
			projectDirPath = "";
			projectRoot = "";
			targets = (
				BDCE2DAB23A0EEE400C80986 /* CServiceSDKDemo */,
			);
		};
/* End PBXProject section */

/* Begin PBXResourcesBuildPhase section */
		BDCE2DAA23A0EEE400C80986 /* Resources */ = {
			isa = PBXResourcesBuildPhase;
			buildActionMask = 2147483647;
			files = (
				BDCE2DBC23A0EEE500C80986 /* LaunchScreen.storyboard in Resources */,
				BDCE2DB923A0EEE500C80986 /* Assets.xcassets in Resources */,
				BDCE2DB723A0EEE400C80986 /* Main.storyboard in Resources */,
				AA6ED6782489F0E6009E0C1B /* version.md in Resources */,
				AA6ED67A2489F0E6009E0C1B /* TwitterKitResources.bundle in Resources */,
				AA6ED6842489F0E6009E0C1B /* AASAccountSDK.bundle in Resources */,
				AA6ED67D2489F0E6009E0C1B /* GoogleSignIn.bundle in Resources */,
				AA6ED6792489F0E6009E0C1B /* TwitterShareExtensionUIResources.bundle in Resources */,
			);
			runOnlyForDeploymentPostprocessing = 0;
		};
/* End PBXResourcesBuildPhase section */

/* Begin PBXSourcesBuildPhase section */
		BDCE2DA823A0EEE400C80986 /* Sources */ = {
			isa = PBXSourcesBuildPhase;
			buildActionMask = 2147483647;
			files = (
				BDCE2DB423A0EEE400C80986 /* ViewController.m in Sources */,
				BDCE2DBF23A0EEE500C80986 /* main.m in Sources */,
				BDCE2DB123A0EEE400C80986 /* AppDelegate.m in Sources */,
			);
			runOnlyForDeploymentPostprocessing = 0;
		};
/* End PBXSourcesBuildPhase section */

/* Begin PBXVariantGroup section */
		BDCE2DB523A0EEE400C80986 /* Main.storyboard */ = {
			isa = PBXVariantGroup;
			children = (
				BDCE2DB623A0EEE400C80986 /* Base */,
				BD19A8AB23A2284000624D1D /* zh-Hans */,
				BD19A8AD23A2284800624D1D /* zh-Hant */,
				BD19A8AF23A2284E00624D1D /* zh-HK */,
			);
			name = Main.storyboard;
			sourceTree = "<group>";
		};
		BDCE2DBA23A0EEE500C80986 /* LaunchScreen.storyboard */ = {
			isa = PBXVariantGroup;
			children = (
				BDCE2DBB23A0EEE500C80986 /* Base */,
				BD19A8AC23A2284000624D1D /* zh-Hans */,
				BD19A8AE23A2284800624D1D /* zh-Hant */,
				BD19A8B023A2284E00624D1D /* zh-HK */,
			);
			name = LaunchScreen.storyboard;
			sourceTree = "<group>";
		};
/* End PBXVariantGroup section */

/* Begin XCBuildConfiguration section */
		BDCE2DC023A0EEE500C80986 /* Debug */ = {
			isa = XCBuildConfiguration;
			buildSettings = {
				ALWAYS_SEARCH_USER_PATHS = NO;
				CLANG_ANALYZER_LOCALIZABILITY_NONLOCALIZED = YES;
				CLANG_ANALYZER_NONNULL = YES;
				CLANG_ANALYZER_NUMBER_OBJECT_CONVERSION = YES_AGGRESSIVE;
				CLANG_CXX_LANGUAGE_STANDARD = "gnu++14";
				CLANG_CXX_LIBRARY = "libc++";
				CLANG_ENABLE_MODULES = YES;
				CLANG_ENABLE_OBJC_ARC = YES;
				CLANG_ENABLE_OBJC_WEAK = YES;
				CLANG_WARN_BLOCK_CAPTURE_AUTORELEASING = YES;
				CLANG_WARN_BOOL_CONVERSION = YES;
				CLANG_WARN_COMMA = YES;
				CLANG_WARN_CONSTANT_CONVERSION = YES;
				CLANG_WARN_DEPRECATED_OBJC_IMPLEMENTATIONS = YES;
				CLANG_WARN_DIRECT_OBJC_ISA_USAGE = YES_ERROR;
				CLANG_WARN_DOCUMENTATION_COMMENTS = YES;
				CLANG_WARN_EMPTY_BODY = YES;
				CLANG_WARN_ENUM_CONVERSION = YES;
				CLANG_WARN_INFINITE_RECURSION = YES;
				CLANG_WARN_INT_CONVERSION = YES;
				CLANG_WARN_NON_LITERAL_NULL_CONVERSION = YES;
				CLANG_WARN_OBJC_IMPLICIT_RETAIN_SELF = YES;
				CLANG_WARN_OBJC_LITERAL_CONVERSION = YES;
				CLANG_WARN_OBJC_ROOT_CLASS = YES_ERROR;
				CLANG_WARN_RANGE_LOOP_ANALYSIS = YES;
				CLANG_WARN_STRICT_PROTOTYPES = YES;
				CLANG_WARN_SUSPICIOUS_MOVE = YES;
				CLANG_WARN_UNGUARDED_AVAILABILITY = YES_AGGRESSIVE;
				CLANG_WARN_UNREACHABLE_CODE = YES;
				CLANG_WARN__DUPLICATE_METHOD_MATCH = YES;
				CODE_SIGN_IDENTITY = "iPhone Developer";
				COPY_PHASE_STRIP = NO;
				DEBUG_INFORMATION_FORMAT = dwarf;
				ENABLE_STRICT_OBJC_MSGSEND = YES;
				ENABLE_TESTABILITY = YES;
				GCC_C_LANGUAGE_STANDARD = gnu11;
				GCC_DYNAMIC_NO_PIC = NO;
				GCC_NO_COMMON_BLOCKS = YES;
				GCC_OPTIMIZATION_LEVEL = 0;
				GCC_PREPROCESSOR_DEFINITIONS = (
					"DEBUG=1",
					"$(inherited)",
				);
				GCC_WARN_64_TO_32_BIT_CONVERSION = YES;
				GCC_WARN_ABOUT_RETURN_TYPE = YES_ERROR;
				GCC_WARN_UNDECLARED_SELECTOR = YES;
				GCC_WARN_UNINITIALIZED_AUTOS = YES_AGGRESSIVE;
				GCC_WARN_UNUSED_FUNCTION = YES;
				GCC_WARN_UNUSED_VARIABLE = YES;
				IPHONEOS_DEPLOYMENT_TARGET = 9.0;
				MTL_ENABLE_DEBUG_INFO = INCLUDE_SOURCE;
				MTL_FAST_MATH = YES;
				ONLY_ACTIVE_ARCH = YES;
				SDKROOT = iphoneos;
			};
			name = Debug;
		};
		BDCE2DC123A0EEE500C80986 /* Release */ = {
			isa = XCBuildConfiguration;
			buildSettings = {
				ALWAYS_SEARCH_USER_PATHS = NO;
				CLANG_ANALYZER_LOCALIZABILITY_NONLOCALIZED = YES;
				CLANG_ANALYZER_NONNULL = YES;
				CLANG_ANALYZER_NUMBER_OBJECT_CONVERSION = YES_AGGRESSIVE;
				CLANG_CXX_LANGUAGE_STANDARD = "gnu++14";
				CLANG_CXX_LIBRARY = "libc++";
				CLANG_ENABLE_MODULES = YES;
				CLANG_ENABLE_OBJC_ARC = YES;
				CLANG_ENABLE_OBJC_WEAK = YES;
				CLANG_WARN_BLOCK_CAPTURE_AUTORELEASING = YES;
				CLANG_WARN_BOOL_CONVERSION = YES;
				CLANG_WARN_COMMA = YES;
				CLANG_WARN_CONSTANT_CONVERSION = YES;
				CLANG_WARN_DEPRECATED_OBJC_IMPLEMENTATIONS = YES;
				CLANG_WARN_DIRECT_OBJC_ISA_USAGE = YES_ERROR;
				CLANG_WARN_DOCUMENTATION_COMMENTS = YES;
				CLANG_WARN_EMPTY_BODY = YES;
				CLANG_WARN_ENUM_CONVERSION = YES;
				CLANG_WARN_INFINITE_RECURSION = YES;
				CLANG_WARN_INT_CONVERSION = YES;
				CLANG_WARN_NON_LITERAL_NULL_CONVERSION = YES;
				CLANG_WARN_OBJC_IMPLICIT_RETAIN_SELF = YES;
				CLANG_WARN_OBJC_LITERAL_CONVERSION = YES;
				CLANG_WARN_OBJC_ROOT_CLASS = YES_ERROR;
				CLANG_WARN_RANGE_LOOP_ANALYSIS = YES;
				CLANG_WARN_STRICT_PROTOTYPES = YES;
				CLANG_WARN_SUSPICIOUS_MOVE = YES;
				CLANG_WARN_UNGUARDED_AVAILABILITY = YES_AGGRESSIVE;
				CLANG_WARN_UNREACHABLE_CODE = YES;
				CLANG_WARN__DUPLICATE_METHOD_MATCH = YES;
				CODE_SIGN_IDENTITY = "iPhone Developer";
				COPY_PHASE_STRIP = NO;
				DEBUG_INFORMATION_FORMAT = "dwarf-with-dsym";
				ENABLE_NS_ASSERTIONS = NO;
				ENABLE_STRICT_OBJC_MSGSEND = YES;
				GCC_C_LANGUAGE_STANDARD = gnu11;
				GCC_NO_COMMON_BLOCKS = YES;
				GCC_WARN_64_TO_32_BIT_CONVERSION = YES;
				GCC_WARN_ABOUT_RETURN_TYPE = YES_ERROR;
				GCC_WARN_UNDECLARED_SELECTOR = YES;
				GCC_WARN_UNINITIALIZED_AUTOS = YES_AGGRESSIVE;
				GCC_WARN_UNUSED_FUNCTION = YES;
				GCC_WARN_UNUSED_VARIABLE = YES;
				IPHONEOS_DEPLOYMENT_TARGET = 9.0;
				MTL_ENABLE_DEBUG_INFO = NO;
				MTL_FAST_MATH = YES;
				SDKROOT = iphoneos;
				VALIDATE_PRODUCT = YES;
			};
			name = Release;
		};
		BDCE2DC323A0EEE500C80986 /* Debug */ = {
			isa = XCBuildConfiguration;
			buildSettings = {
				ASSETCATALOG_COMPILER_APPICON_NAME = AppIcon;
				CODE_SIGN_IDENTITY = "iPhone Developer";
				CODE_SIGN_STYLE = Manual;
				DEVELOPMENT_TEAM = 8Q98XXS96P;
				ENABLE_BITCODE = NO;
				FRAMEWORK_SEARCH_PATHS = (
					"$(inherited)",
					"$(PROJECT_DIR)/CServiceSDKDemo/3thFramework/AccountSDK",
					"$(PROJECT_DIR)/CServiceSDKDemo/3thFramework",
					"$(PROJECT_DIR)",
					"$(PROJECT_DIR)/CServiceSDKDemo/3thFramework/FacebookSDK-5.6.0",
					"$(PROJECT_DIR)/CServiceSDK-1001",
					"$(PROJECT_DIR)/CSSDK_xcode_1002_1",
					"$(PROJECT_DIR)/3thFramework/Twitter-3.4.2",
					"$(PROJECT_DIR)/3thFramework/GoogleSDK-5.0.2",
					"$(PROJECT_DIR)/3thFramework/Facebook-5.6.0",
					"$(PROJECT_DIR)/AvidlyFramework/TraceAnalysisSDK_4002_1",
					"$(PROJECT_DIR)/AvidlyFramework/AASAccount_1009_2",
				);
				INFOPLIST_FILE = CServiceSDKDemo/Info.plist;
				LD_RUNPATH_SEARCH_PATHS = (
					"$(inherited)",
					"@executable_path/Frameworks",
				);
				OTHER_LDFLAGS = "-ObjC";
				PRODUCT_BUNDLE_IDENTIFIER = com.upltv.upsdk.rd;
				PRODUCT_NAME = "$(TARGET_NAME)";
				PROVISIONING_PROFILE_SPECIFIER = com.upltv.upsdk_rd_Development_Profile;
				TARGETED_DEVICE_FAMILY = "1,2";
			};
			name = Debug;
		};
		BDCE2DC423A0EEE500C80986 /* Release */ = {
			isa = XCBuildConfiguration;
			buildSettings = {
				ASSETCATALOG_COMPILER_APPICON_NAME = AppIcon;
				CODE_SIGN_IDENTITY = "iPhone Developer";
				CODE_SIGN_STYLE = Manual;
				DEVELOPMENT_TEAM = 8Q98XXS96P;
				ENABLE_BITCODE = NO;
				FRAMEWORK_SEARCH_PATHS = (
					"$(inherited)",
					"$(PROJECT_DIR)/CServiceSDKDemo/3thFramework/AccountSDK",
					"$(PROJECT_DIR)/CServiceSDKDemo/3thFramework",
					"$(PROJECT_DIR)",
					"$(PROJECT_DIR)/CServiceSDKDemo/3thFramework/FacebookSDK-5.6.0",
					"$(PROJECT_DIR)/CServiceSDK-1001",
					"$(PROJECT_DIR)/CSSDK_xcode_1002_1",
					"$(PROJECT_DIR)/3thFramework/Twitter-3.4.2",
					"$(PROJECT_DIR)/3thFramework/GoogleSDK-5.0.2",
					"$(PROJECT_DIR)/3thFramework/Facebook-5.6.0",
					"$(PROJECT_DIR)/AvidlyFramework/TraceAnalysisSDK_4002_1",
					"$(PROJECT_DIR)/AvidlyFramework/AASAccount_1009_2",
				);
				INFOPLIST_FILE = CServiceSDKDemo/Info.plist;
				LD_RUNPATH_SEARCH_PATHS = (
					"$(inherited)",
					"@executable_path/Frameworks",
				);
				OTHER_LDFLAGS = "-ObjC";
				PRODUCT_BUNDLE_IDENTIFIER = com.upltv.upsdk.rd;
				PRODUCT_NAME = "$(TARGET_NAME)";
				PROVISIONING_PROFILE_SPECIFIER = com.upltv.upsdk_rd_Development_Profile;
				TARGETED_DEVICE_FAMILY = "1,2";
			};
			name = Release;
		};
/* End XCBuildConfiguration section */

/* Begin XCConfigurationList section */
		BDCE2DA723A0EEE400C80986 /* Build configuration list for PBXProject "CServiceSDKDemo" */ = {
			isa = XCConfigurationList;
			buildConfigurations = (
				BDCE2DC023A0EEE500C80986 /* Debug */,
				BDCE2DC123A0EEE500C80986 /* Release */,
			);
			defaultConfigurationIsVisible = 0;
			defaultConfigurationName = Release;
		};
		BDCE2DC223A0EEE500C80986 /* Build configuration list for PBXNativeTarget "CServiceSDKDemo" */ = {
			isa = XCConfigurationList;
			buildConfigurations = (
				BDCE2DC323A0EEE500C80986 /* Debug */,
				BDCE2DC423A0EEE500C80986 /* Release */,
			);
			defaultConfigurationIsVisible = 0;
			defaultConfigurationName = Release;
		};
/* End XCConfigurationList section */
	};
	rootObject = BDCE2DA423A0EEE400C80986 /* Project object */;
}
