PODS:
  - CSSDK (2.1.0.8)
  - TASDK (4.1.0.6)

DEPENDENCIES:
  - CSSDK (= 2.1.0.8)
  - TASDK (= 4.1.0.6)

SPEC REPOS:
  https://github.com/Avid-ly/iOS-CocoaPods-Spec.git:
    - CSSDK
    - TASDK

SPEC CHECKSUMS:
  CSSDK: 2b4b6864dd12caa620aee7459137aa7c88833f56
  TASDK: 9475ae99bd0da48dd73703c3b4ce1d01045e2625

PODFILE CHECKSUM: 363d240662e452b8bcf61e6e848d949aafa60e65

COCOAPODS: 1.11.2
